# This file is autogenerated, do not edit; changes may be undone by the next 'dep ensure'.


[[projects]]
  name = "github.com/BurntSushi/toml"
  packages = ["."]
  revision = "b26d9c308763d68093482582cea63d69be07a0f0"
  version = "v0.3.0"

[[projects]]
  branch = "master"
  name = "github.com/buger/jsonparser"
  packages = ["."]
  revision = "5096fddd2cca678b0801ece8513a06e580981fd2"

[[projects]]
  name = "github.com/coreos/go-systemd"
  packages = ["daemon"]
  revision = "40e2722dffead74698ca12a750f64ef313ddce05"
  version = "v16"

[[projects]]
  branch = "v2"
  name = "github.com/go-yaml/yaml"
  packages = ["."]
  revision = "d670f9405373e636a5a2765eea47fac0c9bc91a4"

[[projects]]
  name = "github.com/gorilla/context"
  packages = ["."]
  revision = "1ea25387ff6f684839d82767c1733ff4d4d15d0a"
  version = "v1.1"

[[projects]]
  name = "github.com/gorilla/mux"
  packages = ["."]
  revision = "53c1911da2b537f792e7cafcb446b05ffe33b996"
  version = "v1.6.1"

[[projects]]
  branch = "master"
  name = "github.com/moroen/canopus"
  packages = ["."]
  revision = "6857d5ac4e6e978759b49374a255471ae4e1f367"

[[projects]]
  branch = "master"
  name = "github.com/moroen/go-tradfricoap"
  packages = ["."]
  revision = "03de2a95d807ffe3db0118b69dbfcd6fd456ca16"

[[projects]]
  name = "github.com/tucnak/store"
  packages = ["."]
  revision = "84b795be94a4e02b5d92d7ef7490c4ebdb347ddf"
  version = "v1.0"

[solve-meta]
  analyzer-name = "dep"
  analyzer-version = 1
  inputs-digest = "56f50358e6b6fca64c829230c194c6525b409d9f8894357764fa5de247525992"
  solver-name = "gps-cdcl"
  solver-version = 1
