# This file is autogenerated, do not edit; changes may be undone by the next 'dep ensure'.


[[projects]]
  name = "github.com/BurntSushi/toml"
  packages = ["."]
  revision = "b26d9c308763d68093482582cea63d69be07a0f0"
  version = "v0.3.0"

[[projects]]
  branch = "master"
  name = "github.com/buger/jsonparser"
  packages = ["."]
  revision = "5096fddd2cca678b0801ece8513a06e580981fd2"

[[projects]]
  branch = "v2"
  name = "github.com/go-yaml/yaml"
  packages = ["."]
  revision = "c95af922eae69f190717a0b7148960af8c55a072"

[[projects]]
  name = "github.com/gorilla/context"
  packages = ["."]
  revision = "1ea25387ff6f684839d82767c1733ff4d4d15d0a"
  version = "v1.1"

[[projects]]
  name = "github.com/gorilla/mux"
  packages = ["."]
  revision = "7f08801859139f86dfafd1c296e2cba9a80d292e"
  version = "v1.6.0"

[[projects]]
  branch = "master"
  name = "github.com/moroen/canopus"
  packages = ["."]
  revision = "57a74df3b6c83fc7998c9e089957ec1b86e076ad"

[[projects]]
  branch = "master"
  name = "github.com/moroen/go-tradfricoap"
  packages = ["."]
  revision = "fe39d9f4943de9f0be803dd5e56bac460d6aaf5f"

[[projects]]
  name = "github.com/tucnak/store"
  packages = ["."]
  revision = "84b795be94a4e02b5d92d7ef7490c4ebdb347ddf"
  version = "v1.0"

[solve-meta]
  analyzer-name = "dep"
  analyzer-version = 1
  inputs-digest = "787e8bfaeddbf47d24875146577493abc411a9dacb9afff6c5d67e34fe7b2ecd"
  solver-name = "gps-cdcl"
  solver-version = 1
